{
  "name": "servisco",
  "version": "1.0.0",
  "lockfileVersion": 1,
  "requires": true,
  "dependencies": {
    "formflex": {
      "version": "3.2.0",
      "resolved": "https://registry.npmjs.org/formflex/-/formflex-3.2.0.tgz",
      "integrity": "sha512-MopLHzR9aQ4bj60bMRfXI35ShjBIplZAG/4xRs7vT8Mi9PPFikG8wMpMlWmSlTSqcPe4BV/iEUpIcJnLdlHugg=="
    },
    "js-cookie": {
      "version": "2.2.0",
      "resolved": "https://registry.npmjs.org/js-cookie/-/js-cookie-2.2.0.tgz",
      "integrity": "sha1-Gywnmm7s44ChIWi5JIUmWzWx7/s="
    },
    "normalize.css": {
      "version": "8.0.1",
      "resolved": "https://registry.npmjs.org/normalize.css/-/normalize.css-8.0.1.tgz",
      "integrity": "sha512-qizSNPO93t1YUuUhP22btGOo3chcvDFqFaj2TRybP0DMxkHOCTYwp3n34fel4a31ORXy4m1Xq0Gyqpb5m33qIg=="
    },
    "sliker": {
      "version": "2.1.0",
      "resolved": "https://registry.npmjs.org/sliker/-/sliker-2.1.0.tgz",
      "integrity": "sha512-CYO/T1UwSyeuQP1ymRI4afSWfzcViuwsHFJfoJOgpGEEMGR78onmQ9Fhn5ojSeoU1Spb0ws2rWWqUxfhgqqPMg=="
    },
    "startpack": {
      "version": "1.1.1",
      "resolved": "https://registry.npmjs.org/startpack/-/startpack-1.1.1.tgz",
      "integrity": "sha512-iGeH13np/FcXoDHN+VMuXop45nhcj9Sf/5exRL7e4xI7B0uxV7VSYus9ZRJeIFm2Sf5pzoaXL6d/HUS9P8Dd7w=="
    }
  }
}
