{
  "name": "servisco",
  "version": "1.0.0",
  "lockfileVersion": 1,
  "requires": true,
  "dependencies": {
    "formflex": {
      "version": "3.2.0",
      "resolved": "https://registry.npmjs.org/formflex/-/formflex-3.2.0.tgz",
      "integrity": "sha512-MopLHzR9aQ4bj60bMRfXI35ShjBIplZAG/4xRs7vT8Mi9PPFikG8wMpMlWmSlTSqcPe4BV/iEUpIcJnLdlHugg=="
    },
    "normalize.css": {
      "version": "8.0.1",
      "resolved": "https://registry.npmjs.org/normalize.css/-/normalize.css-8.0.1.tgz",
      "integrity": "sha512-qizSNPO93t1YUuUhP22btGOo3chcvDFqFaj2TRybP0DMxkHOCTYwp3n34fel4a31ORXy4m1Xq0Gyqpb5m33qIg=="
    },
    "sliker": {
      "version": "2.0.0",
      "resolved": "https://registry.npmjs.org/sliker/-/sliker-2.0.0.tgz",
      "integrity": "sha512-qqSjcK/am58ok+ePfnoghA16wlKWOSpnvKG1Tf1h3RutBdcAbmtab+i0hF7tJuxjjUF3NZx8tPaf7nf/C5un1A=="
    },
    "startpack": {
      "version": "1.0.0",
      "resolved": "https://registry.npmjs.org/startpack/-/startpack-1.0.0.tgz",
      "integrity": "sha512-LqTvMyf5qrSs/1Gb0nC5SZ+tDnH1ZlO+jcL6go6FdFLVNAvkPfJvUAV/9e1cBBejju9FxZ2EKxQnkO9hvRQt4w=="
    }
  }
}
